
Microsoft Visual Studio Solution File, Format Version 12.00
# Visual Studio Version 17
VisualStudioVersion = 17.5.002.0
MinimumVisualStudioVersion = 10.0.40219.1
Project("{9A19103F-16F7-4668-BE54-9A1E7A4F7556}") = "soru5", "soru5\soru5.csproj", "{26E35FB9-64B6-475B-B8AB-F9BA3EE6FC54}"
EndProject
Global
	GlobalSection(SolutionConfigurationPlatforms) = preSolution
		Debug|Any CPU = Debug|Any CPU
		Release|Any CPU = Release|Any CPU
	EndGlobalSection
	GlobalSection(ProjectConfigurationPlatforms) = postSolution
		{26E35FB9-64B6-475B-B8AB-F9BA3EE6FC54}.Debug|Any CPU.ActiveCfg = Debug|Any CPU
		{26E35FB9-64B6-475B-B8AB-F9BA3EE6FC54}.Debug|Any CPU.Build.0 = Debug|Any CPU
		{26E35FB9-64B6-475B-B8AB-F9BA3EE6FC54}.Release|Any CPU.ActiveCfg = Release|Any CPU
		{26E35FB9-64B6-475B-B8AB-F9BA3EE6FC54}.Release|Any CPU.Build.0 = Release|Any CPU
	EndGlobalSection
	GlobalSection(SolutionProperties) = preSolution
		HideSolutionNode = FALSE
	EndGlobalSection
	GlobalSection(ExtensibilityGlobals) = postSolution
		SolutionGuid = {0D4E0A94-6A89-495D-B9AA-F3B3BE136BB8}
	EndGlobalSection
EndGlobal
