
Microsoft Visual Studio Solution File, Format Version 12.00
# Visual Studio Version 17
VisualStudioVersion = 17.5.002.0
MinimumVisualStudioVersion = 10.0.40219.1
Project("{9A19103F-16F7-4668-BE54-9A1E7A4F7556}") = "soru1", "soru1\soru1.csproj", "{2A4FC572-5E06-4DF9-B229-23069FD12E4D}"
EndProject
Global
	GlobalSection(SolutionConfigurationPlatforms) = preSolution
		Debug|Any CPU = Debug|Any CPU
		Release|Any CPU = Release|Any CPU
	EndGlobalSection
	GlobalSection(ProjectConfigurationPlatforms) = postSolution
		{2A4FC572-5E06-4DF9-B229-23069FD12E4D}.Debug|Any CPU.ActiveCfg = Debug|Any CPU
		{2A4FC572-5E06-4DF9-B229-23069FD12E4D}.Debug|Any CPU.Build.0 = Debug|Any CPU
		{2A4FC572-5E06-4DF9-B229-23069FD12E4D}.Release|Any CPU.ActiveCfg = Release|Any CPU
		{2A4FC572-5E06-4DF9-B229-23069FD12E4D}.Release|Any CPU.Build.0 = Release|Any CPU
	EndGlobalSection
	GlobalSection(SolutionProperties) = preSolution
		HideSolutionNode = FALSE
	EndGlobalSection
	GlobalSection(ExtensibilityGlobals) = postSolution
		SolutionGuid = {3DB9FCD2-A038-476C-B41F-CA05762DE57F}
	EndGlobalSection
EndGlobal
