
Microsoft Visual Studio Solution File, Format Version 12.00
# Visual Studio Version 17
VisualStudioVersion = 17.5.002.0
MinimumVisualStudioVersion = 10.0.40219.1
Project("{9A19103F-16F7-4668-BE54-9A1E7A4F7556}") = "soru1", "soru1.csproj", "{5BDD15DA-B9DE-454B-A10A-67C614A020F2}"
EndProject
Global
	GlobalSection(SolutionConfigurationPlatforms) = preSolution
		Debug|Any CPU = Debug|Any CPU
		Release|Any CPU = Release|Any CPU
	EndGlobalSection
	GlobalSection(ProjectConfigurationPlatforms) = postSolution
		{5BDD15DA-B9DE-454B-A10A-67C614A020F2}.Debug|Any CPU.ActiveCfg = Debug|Any CPU
		{5BDD15DA-B9DE-454B-A10A-67C614A020F2}.Debug|Any CPU.Build.0 = Debug|Any CPU
		{5BDD15DA-B9DE-454B-A10A-67C614A020F2}.Release|Any CPU.ActiveCfg = Release|Any CPU
		{5BDD15DA-B9DE-454B-A10A-67C614A020F2}.Release|Any CPU.Build.0 = Release|Any CPU
	EndGlobalSection
	GlobalSection(SolutionProperties) = preSolution
		HideSolutionNode = FALSE
	EndGlobalSection
	GlobalSection(ExtensibilityGlobals) = postSolution
		SolutionGuid = {69A33FD7-45FF-43D9-AADB-568DD5101879}
	EndGlobalSection
EndGlobal
