
Microsoft Visual Studio Solution File, Format Version 12.00
# Visual Studio Version 17
VisualStudioVersion = 17.5.002.0
MinimumVisualStudioVersion = 10.0.40219.1
Project("{9A19103F-16F7-4668-BE54-9A1E7A4F7556}") = "soru12", "soru12\soru12.csproj", "{D6D63082-8966-48D2-8F99-D4388D676668}"
EndProject
Global
	GlobalSection(SolutionConfigurationPlatforms) = preSolution
		Debug|Any CPU = Debug|Any CPU
		Release|Any CPU = Release|Any CPU
	EndGlobalSection
	GlobalSection(ProjectConfigurationPlatforms) = postSolution
		{D6D63082-8966-48D2-8F99-D4388D676668}.Debug|Any CPU.ActiveCfg = Debug|Any CPU
		{D6D63082-8966-48D2-8F99-D4388D676668}.Debug|Any CPU.Build.0 = Debug|Any CPU
		{D6D63082-8966-48D2-8F99-D4388D676668}.Release|Any CPU.ActiveCfg = Release|Any CPU
		{D6D63082-8966-48D2-8F99-D4388D676668}.Release|Any CPU.Build.0 = Release|Any CPU
	EndGlobalSection
	GlobalSection(SolutionProperties) = preSolution
		HideSolutionNode = FALSE
	EndGlobalSection
	GlobalSection(ExtensibilityGlobals) = postSolution
		SolutionGuid = {86323326-1999-4A4A-93F3-84DB071A84E9}
	EndGlobalSection
EndGlobal
