
Microsoft Visual Studio Solution File, Format Version 12.00
# Visual Studio Version 17
VisualStudioVersion = 17.5.002.0
MinimumVisualStudioVersion = 10.0.40219.1
Project("{9A19103F-16F7-4668-BE54-9A1E7A4F7556}") = "soru11", "soru11\soru11.csproj", "{C11C0F4A-2092-400C-A2AA-3D5936ECED33}"
EndProject
Global
	GlobalSection(SolutionConfigurationPlatforms) = preSolution
		Debug|Any CPU = Debug|Any CPU
		Release|Any CPU = Release|Any CPU
	EndGlobalSection
	GlobalSection(ProjectConfigurationPlatforms) = postSolution
		{C11C0F4A-2092-400C-A2AA-3D5936ECED33}.Debug|Any CPU.ActiveCfg = Debug|Any CPU
		{C11C0F4A-2092-400C-A2AA-3D5936ECED33}.Debug|Any CPU.Build.0 = Debug|Any CPU
		{C11C0F4A-2092-400C-A2AA-3D5936ECED33}.Release|Any CPU.ActiveCfg = Release|Any CPU
		{C11C0F4A-2092-400C-A2AA-3D5936ECED33}.Release|Any CPU.Build.0 = Release|Any CPU
	EndGlobalSection
	GlobalSection(SolutionProperties) = preSolution
		HideSolutionNode = FALSE
	EndGlobalSection
	GlobalSection(ExtensibilityGlobals) = postSolution
		SolutionGuid = {13DC2769-2F3D-41CC-8766-1EE8CFDCD0F3}
	EndGlobalSection
EndGlobal
