
Microsoft Visual Studio Solution File, Format Version 12.00
# Visual Studio Version 17
VisualStudioVersion = 17.5.002.0
MinimumVisualStudioVersion = 10.0.40219.1
Project("{9A19103F-16F7-4668-BE54-9A1E7A4F7556}") = "soru15", "soru15\soru15.csproj", "{DFC20CED-40AC-419A-8B84-BD2746467123}"
EndProject
Global
	GlobalSection(SolutionConfigurationPlatforms) = preSolution
		Debug|Any CPU = Debug|Any CPU
		Release|Any CPU = Release|Any CPU
	EndGlobalSection
	GlobalSection(ProjectConfigurationPlatforms) = postSolution
		{DFC20CED-40AC-419A-8B84-BD2746467123}.Debug|Any CPU.ActiveCfg = Debug|Any CPU
		{DFC20CED-40AC-419A-8B84-BD2746467123}.Debug|Any CPU.Build.0 = Debug|Any CPU
		{DFC20CED-40AC-419A-8B84-BD2746467123}.Release|Any CPU.ActiveCfg = Release|Any CPU
		{DFC20CED-40AC-419A-8B84-BD2746467123}.Release|Any CPU.Build.0 = Release|Any CPU
	EndGlobalSection
	GlobalSection(SolutionProperties) = preSolution
		HideSolutionNode = FALSE
	EndGlobalSection
	GlobalSection(ExtensibilityGlobals) = postSolution
		SolutionGuid = {4F1B9664-AA74-4C62-914B-AE9C96CAEF18}
	EndGlobalSection
EndGlobal
