
Microsoft Visual Studio Solution File, Format Version 12.00
# Visual Studio Version 17
VisualStudioVersion = 17.5.002.0
MinimumVisualStudioVersion = 10.0.40219.1
Project("{9A19103F-16F7-4668-BE54-9A1E7A4F7556}") = "soru13", "soru13\soru13.csproj", "{5BBCB5C6-F284-4442-8EF6-64DE06D4635F}"
EndProject
Global
	GlobalSection(SolutionConfigurationPlatforms) = preSolution
		Debug|Any CPU = Debug|Any CPU
		Release|Any CPU = Release|Any CPU
	EndGlobalSection
	GlobalSection(ProjectConfigurationPlatforms) = postSolution
		{5BBCB5C6-F284-4442-8EF6-64DE06D4635F}.Debug|Any CPU.ActiveCfg = Debug|Any CPU
		{5BBCB5C6-F284-4442-8EF6-64DE06D4635F}.Debug|Any CPU.Build.0 = Debug|Any CPU
		{5BBCB5C6-F284-4442-8EF6-64DE06D4635F}.Release|Any CPU.ActiveCfg = Release|Any CPU
		{5BBCB5C6-F284-4442-8EF6-64DE06D4635F}.Release|Any CPU.Build.0 = Release|Any CPU
	EndGlobalSection
	GlobalSection(SolutionProperties) = preSolution
		HideSolutionNode = FALSE
	EndGlobalSection
	GlobalSection(ExtensibilityGlobals) = postSolution
		SolutionGuid = {AB78F26C-6B5F-46C8-9D1E-8EA0687649DC}
	EndGlobalSection
EndGlobal
