
Microsoft Visual Studio Solution File, Format Version 12.00
# Visual Studio Version 17
VisualStudioVersion = 17.5.002.0
MinimumVisualStudioVersion = 10.0.40219.1
Project("{9A19103F-16F7-4668-BE54-9A1E7A4F7556}") = "soru2", "soru2.csproj", "{495529FF-3C63-4DB6-BB3A-7F0998CB349E}"
EndProject
Global
	GlobalSection(SolutionConfigurationPlatforms) = preSolution
		Debug|Any CPU = Debug|Any CPU
		Release|Any CPU = Release|Any CPU
	EndGlobalSection
	GlobalSection(ProjectConfigurationPlatforms) = postSolution
		{495529FF-3C63-4DB6-BB3A-7F0998CB349E}.Debug|Any CPU.ActiveCfg = Debug|Any CPU
		{495529FF-3C63-4DB6-BB3A-7F0998CB349E}.Debug|Any CPU.Build.0 = Debug|Any CPU
		{495529FF-3C63-4DB6-BB3A-7F0998CB349E}.Release|Any CPU.ActiveCfg = Release|Any CPU
		{495529FF-3C63-4DB6-BB3A-7F0998CB349E}.Release|Any CPU.Build.0 = Release|Any CPU
	EndGlobalSection
	GlobalSection(SolutionProperties) = preSolution
		HideSolutionNode = FALSE
	EndGlobalSection
	GlobalSection(ExtensibilityGlobals) = postSolution
		SolutionGuid = {0D7AAB15-E511-4340-AB41-1B4E162A03BC}
	EndGlobalSection
EndGlobal
